
Microsoft Visual Studio Solution File, Format Version 12.00
# Visual Studio Version 16
VisualStudioVersion = 16.0.32510.428
MinimumVisualStudioVersion = 10.0.40219.1
Project("{FAE04EC0-301F-11D3-BF4B-00C04F79EFBC}") = "CSharpBeginner", "CSharpBeginner\CSharpBeginner.csproj", "{6DAB4622-22FD-4EC1-A014-EE4D38CBDCD5}"
EndProject
Global
	GlobalSection(SolutionConfigurationPlatforms) = preSolution
		Debug|Any CPU = Debug|Any CPU
		Release|Any CPU = Release|Any CPU
	EndGlobalSection
	GlobalSection(ProjectConfigurationPlatforms) = postSolution
		{6DAB4622-22FD-4EC1-A014-EE4D38CBDCD5}.Debug|Any CPU.ActiveCfg = Release|Any CPU
		{6DAB4622-22FD-4EC1-A014-EE4D38CBDCD5}.Debug|Any CPU.Build.0 = Release|Any CPU
		{6DAB4622-22FD-4EC1-A014-EE4D38CBDCD5}.Release|Any CPU.ActiveCfg = Release|Any CPU
		{6DAB4622-22FD-4EC1-A014-EE4D38CBDCD5}.Release|Any CPU.Build.0 = Release|Any CPU
	EndGlobalSection
	GlobalSection(SolutionProperties) = preSolution
		HideSolutionNode = FALSE
	EndGlobalSection
	GlobalSection(ExtensibilityGlobals) = postSolution
		SolutionGuid = {1B8E1C85-8E43-4EED-95C4-EA7F3E3B58C3}
	EndGlobalSection
EndGlobal
